{
    "_meta": {
        "hash": {
            "sha256": "821b62e470fd4193f1d9016d5a025f24468157be42e0660d9021a11c32332630"
        },
        "pipfile-spec": 6,
        "requires": {
            "python_version": "3.10"
        },
        "sources": [
            {
                "name": "pip_conf_index_global",
                "url": "https://pypi.tuna.tsinghua.edu.cn/simple",
                "verify_ssl": true
            }
        ]
    },
    "default": {
        "annotated-types": {
            "hashes": [
                "sha256:0641064de18ba7a25dee8f96403ebc39113d0cb953a01429249d5c7564666a43",
                "sha256:563339e807e53ffd9c267e99fc6d9ea23eb8443c08f112651963e24e22f84a5d"
            ],
            "markers": "python_version >= '3.8'",
            "version": "==0.6.0"
        },
        "deepspeed": {
            "hashes": [
                "sha256:14d0cd5830bcb6d311ed5f8ce827cdaa678eebfc148ca744195a487df61270e3"
            ],
            "index": "pip_conf_index_global",
            "version": "==0.14.2"
        },
        "filelock": {
            "hashes": [
                "sha256:43339835842f110ca7ae60f1e1c160714c5a6afd15a2873419ab185334975c0f",
                "sha256:6ea72da3be9b8c82afd3edcf99f2fffbb5076335a5ae4d03248bb5b6c3eae78a"
            ],
            "markers": "python_version >= '3.8'",
            "version": "==3.14.0"
        },
        "fsspec": {
            "hashes": [
                "sha256:918d18d41bf73f0e2b261824baeb1b124bcf771767e3a26425cd7dec3332f512",
                "sha256:f39780e282d7d117ffb42bb96992f8a90795e4d0fb0f661a70ca39fe9c43ded9"
            ],
            "markers": "python_version >= '3.8'",
            "version": "==2024.3.1"
        },
        "hjson": {
            "hashes": [
                "sha256:55af475a27cf83a7969c808399d7bccdec8fb836a07ddbd574587593b9cdcf75",
                "sha256:65713cdcf13214fb554eb8b4ef803419733f4f5e551047c9b711098ab7186b89"
            ],
            "version": "==3.1.0"
        },
        "jinja2": {
            "hashes": [
                "sha256:7d6d50dd97d52cbc355597bd845fabfbac3f551e1f99619e39a35ce8c370b5fa",
                "sha256:ac8bd6544d4bb2c9792bf3a159e80bba8fda7f07e81bc3aed565432d5925ba90"
            ],
            "markers": "python_version >= '3.7'",
            "version": "==3.1.3"
        },
        "markupsafe": {
            "hashes": [
                "sha256:00e046b6dd71aa03a41079792f8473dc494d564611a8f89bbbd7cb93295ebdcf",
                "sha256:075202fa5b72c86ad32dc7d0b56024ebdbcf2048c0ba09f1cde31bfdd57bcfff",
                "sha256:0e397ac966fdf721b2c528cf028494e86172b4feba51d65f81ffd65c63798f3f",
                "sha256:17b950fccb810b3293638215058e432159d2b71005c74371d784862b7e4683f3",
                "sha256:1f3fbcb7ef1f16e48246f704ab79d79da8a46891e2da03f8783a5b6fa41a9532",
                "sha256:2174c595a0d73a3080ca3257b40096db99799265e1c27cc5a610743acd86d62f",
                "sha256:2b7c57a4dfc4f16f7142221afe5ba4e093e09e728ca65c51f5620c9aaeb9a617",
                "sha256:2d2d793e36e230fd32babe143b04cec8a8b3eb8a3122d2aceb4a371e6b09b8df",
                "sha256:30b600cf0a7ac9234b2638fbc0fb6158ba5bdcdf46aeb631ead21248b9affbc4",
                "sha256:397081c1a0bfb5124355710fe79478cdbeb39626492b15d399526ae53422b906",
                "sha256:3a57fdd7ce31c7ff06cdfbf31dafa96cc533c21e443d57f5b1ecc6cdc668ec7f",
                "sha256:3c6b973f22eb18a789b1460b4b91bf04ae3f0c4234a0a6aa6b0a92f6f7b951d4",
                "sha256:3e53af139f8579a6d5f7b76549125f0d94d7e630761a2111bc431fd820e163b8",
                "sha256:4096e9de5c6fdf43fb4f04c26fb114f61ef0bf2e5604b6ee3019d51b69e8c371",
                "sha256:4275d846e41ecefa46e2015117a9f491e57a71ddd59bbead77e904dc02b1bed2",
                "sha256:4c31f53cdae6ecfa91a77820e8b151dba54ab528ba65dfd235c80b086d68a465",
                "sha256:4f11aa001c540f62c6166c7726f71f7573b52c68c31f014c25cc7901deea0b52",
                "sha256:5049256f536511ee3f7e1b3f87d1d1209d327e818e6ae1365e8653d7e3abb6a6",
                "sha256:58c98fee265677f63a4385256a6d7683ab1832f3ddd1e66fe948d5880c21a169",
                "sha256:598e3276b64aff0e7b3451b72e94fa3c238d452e7ddcd893c3ab324717456bad",
                "sha256:5b7b716f97b52c5a14bffdf688f971b2d5ef4029127f1ad7a513973cfd818df2",
                "sha256:5dedb4db619ba5a2787a94d877bc8ffc0566f92a01c0ef214865e54ecc9ee5e0",
                "sha256:619bc166c4f2de5caa5a633b8b7326fbe98e0ccbfacabd87268a2b15ff73a029",
                "sha256:629ddd2ca402ae6dbedfceeba9c46d5f7b2a61d9749597d4307f943ef198fc1f",
                "sha256:656f7526c69fac7f600bd1f400991cc282b417d17539a1b228617081106feb4a",
                "sha256:6ec585f69cec0aa07d945b20805be741395e28ac1627333b1c5b0105962ffced",
                "sha256:72b6be590cc35924b02c78ef34b467da4ba07e4e0f0454a2c5907f473fc50ce5",
                "sha256:7502934a33b54030eaf1194c21c692a534196063db72176b0c4028e140f8f32c",
                "sha256:7a68b554d356a91cce1236aa7682dc01df0edba8d043fd1ce607c49dd3c1edcf",
                "sha256:7b2e5a267c855eea6b4283940daa6e88a285f5f2a67f2220203786dfa59b37e9",
                "sha256:823b65d8706e32ad2df51ed89496147a42a2a6e01c13cfb6ffb8b1e92bc910bb",
                "sha256:8590b4ae07a35970728874632fed7bd57b26b0102df2d2b233b6d9d82f6c62ad",
                "sha256:8dd717634f5a044f860435c1d8c16a270ddf0ef8588d4887037c5028b859b0c3",
                "sha256:8dec4936e9c3100156f8a2dc89c4b88d5c435175ff03413b443469c7c8c5f4d1",
                "sha256:97cafb1f3cbcd3fd2b6fbfb99ae11cdb14deea0736fc2b0952ee177f2b813a46",
                "sha256:a17a92de5231666cfbe003f0e4b9b3a7ae3afb1ec2845aadc2bacc93ff85febc",
                "sha256:a549b9c31bec33820e885335b451286e2969a2d9e24879f83fe904a5ce59d70a",
                "sha256:ac07bad82163452a6884fe8fa0963fb98c2346ba78d779ec06bd7a6262132aee",
                "sha256:ae2ad8ae6ebee9d2d94b17fb62763125f3f374c25618198f40cbb8b525411900",
                "sha256:b91c037585eba9095565a3556f611e3cbfaa42ca1e865f7b8015fe5c7336d5a5",
                "sha256:bc1667f8b83f48511b94671e0e441401371dfd0f0a795c7daa4a3cd1dde55bea",
                "sha256:bec0a414d016ac1a18862a519e54b2fd0fc8bbfd6890376898a6c0891dd82e9f",
                "sha256:bf50cd79a75d181c9181df03572cdce0fbb75cc353bc350712073108cba98de5",
                "sha256:bff1b4290a66b490a2f4719358c0cdcd9bafb6b8f061e45c7a2460866bf50c2e",
                "sha256:c061bb86a71b42465156a3ee7bd58c8c2ceacdbeb95d05a99893e08b8467359a",
                "sha256:c8b29db45f8fe46ad280a7294f5c3ec36dbac9491f2d1c17345be8e69cc5928f",
                "sha256:ce409136744f6521e39fd8e2a24c53fa18ad67aa5bc7c2cf83645cce5b5c4e50",
                "sha256:d050b3361367a06d752db6ead6e7edeb0009be66bc3bae0ee9d97fb326badc2a",
                "sha256:d283d37a890ba4c1ae73ffadf8046435c76e7bc2247bbb63c00bd1a709c6544b",
                "sha256:d9fad5155d72433c921b782e58892377c44bd6252b5af2f67f16b194987338a4",
                "sha256:daa4ee5a243f0f20d528d939d06670a298dd39b1ad5f8a72a4275124a7819eff",
                "sha256:db0b55e0f3cc0be60c1f19efdde9a637c32740486004f20d1cff53c3c0ece4d2",
                "sha256:e61659ba32cf2cf1481e575d0462554625196a1f2fc06a1c777d3f48e8865d46",
                "sha256:ea3d8a3d18833cf4304cd2fc9cbb1efe188ca9b5efef2bdac7adc20594a0e46b",
                "sha256:ec6a563cff360b50eed26f13adc43e61bc0c04d94b8be985e6fb24b81f6dcfdf",
                "sha256:f5dfb42c4604dddc8e4305050aa6deb084540643ed5804d7455b5df8fe16f5e5",
                "sha256:fa173ec60341d6bb97a89f5ea19c85c5643c1e7dedebc22f5181eb73573142c5",
                "sha256:fa9db3f79de01457b03d4f01b34cf91bc0048eb2c3846ff26f66687c2f6d16ab",
                "sha256:fce659a462a1be54d2ffcacea5e3ba2d74daa74f30f5f143fe0c58636e355fdd",
                "sha256:ffee1f21e5ef0d712f9033568f8344d5da8cc2869dbd08d87c84656e6a2d2f68"
            ],
            "markers": "python_version >= '3.7'",
            "version": "==2.1.5"
        },
        "mpmath": {
            "hashes": [
                "sha256:7a28eb2a9774d00c7bc92411c19a89209d5da7c4c9a9e227be8330a23a25b91f",
                "sha256:a0b2b9fe80bbcd81a6647ff13108738cfb482d481d826cc0e02f5b35e5c88d2c"
            ],
            "version": "==1.3.0"
        },
        "networkx": {
            "hashes": [
                "sha256:0c127d8b2f4865f59ae9cb8aafcd60b5c70f3241ebd66f7defad7c4ab90126c9",
                "sha256:28575580c6ebdaf4505b22c6256a2b9de86b316dc63ba9e93abde3d78dfdbcf2",
                "sha256:34aa6c15ab30af14fb5304096872e573494c87f909929169121dd7f8dc375a9d",
                "sha256:99abc769d26d4008974e6da5a0e9509d5c05d645b002e6e96030b7a50a951a5c",
                "sha256:a7cafccea6b22ebe320ab6a2f13d76ae6b47054bf24bfa3674ddef91e74c914f",
                "sha256:c75056e63ab1438680e56753fc89c4f32f3a7038215cfa0c4483a023b97e0f3a",
                "sha256:ce0779e4827a646078fd8bfc4225988430d8bfea5c03f86afc4ec403896618dc"
            ],
            "markers": "python_version >= '3.10'",
            "version": "==3.3"
        },
        "ninja": {
            "hashes": [
                "sha256:18302d96a5467ea98b68e1cae1ae4b4fb2b2a56a82b955193c637557c7273dbd",
                "sha256:185e0641bde601e53841525c4196278e9aaf4463758da6dd1e752c0a0f54136a",
                "sha256:376889c76d87b95b5719fdd61dd7db193aa7fd4432e5d52d2e44e4c497bdbbee",
                "sha256:3e0f9be5bb20d74d58c66cc1c414c3e6aeb45c35b0d0e41e8d739c2c0d57784f",
                "sha256:73b93c14046447c7c5cc892433d4fae65d6364bec6685411cb97a8bcf815f93a",
                "sha256:7563ce1d9fe6ed5af0b8dd9ab4a214bf4ff1f2f6fd6dc29f480981f0f8b8b249",
                "sha256:76482ba746a2618eecf89d5253c0d1e4f1da1270d41e9f54dfbd91831b0f6885",
                "sha256:84502ec98f02a037a169c4b0d5d86075eaf6afc55e1879003d6cab51ced2ea4b",
                "sha256:95da904130bfa02ea74ff9c0116b4ad266174fafb1c707aa50212bc7859aebf1",
                "sha256:9d793b08dd857e38d0b6ffe9e6b7145d7c485a42dcfea04905ca0cdb6017cc3c",
                "sha256:9df724344202b83018abb45cb1efc22efd337a1496514e7e6b3b59655be85205",
                "sha256:aad34a70ef15b12519946c5633344bc775a7656d789d9ed5fdb0d456383716ef",
                "sha256:d491fc8d89cdcb416107c349ad1e3a735d4c4af5e1cb8f5f727baca6350fdaea",
                "sha256:ecf80cf5afd09f14dcceff28cb3f11dc90fb97c999c89307aea435889cb66877",
                "sha256:fa2ba9d74acfdfbfbcf06fad1b8282de8a7a8c481d9dee45c859a8c93fcc1082"
            ],
            "version": "==1.11.1.1"
        },
        "numpy": {
            "hashes": [
                "sha256:03a8c78d01d9781b28a6989f6fa1bb2c4f2d51201cf99d3dd875df6fbd96b23b",
                "sha256:08beddf13648eb95f8d867350f6a018a4be2e5ad54c8d8caed89ebca558b2818",
                "sha256:1af303d6b2210eb850fcf03064d364652b7120803a0b872f5211f5234b399f20",
                "sha256:1dda2e7b4ec9dd512f84935c5f126c8bd8b9f2fc001e9f54af255e8c5f16b0e0",
                "sha256:2a02aba9ed12e4ac4eb3ea9421c420301a0c6460d9830d74a9df87efa4912010",
                "sha256:2e4ee3380d6de9c9ec04745830fd9e2eccb3e6cf790d39d7b98ffd19b0dd754a",
                "sha256:3373d5d70a5fe74a2c1bb6d2cfd9609ecf686d47a2d7b1d37a8f3b6bf6003aea",
                "sha256:47711010ad8555514b434df65f7d7b076bb8261df1ca9bb78f53d3b2db02e95c",
                "sha256:4c66707fabe114439db9068ee468c26bbdf909cac0fb58686a42a24de1760c71",
                "sha256:50193e430acfc1346175fcbdaa28ffec49947a06918b7b92130744e81e640110",
                "sha256:52b8b60467cd7dd1e9ed082188b4e6bb35aa5cdd01777621a1658910745b90be",
                "sha256:60dedbb91afcbfdc9bc0b1f3f402804070deed7392c23eb7a7f07fa857868e8a",
                "sha256:62b8e4b1e28009ef2846b4c7852046736bab361f7aeadeb6a5b89ebec3c7055a",
                "sha256:666dbfb6ec68962c033a450943ded891bed2d54e6755e35e5835d63f4f6931d5",
                "sha256:675d61ffbfa78604709862923189bad94014bef562cc35cf61d3a07bba02a7ed",
                "sha256:679b0076f67ecc0138fd2ede3a8fd196dddc2ad3254069bcb9faf9a79b1cebcd",
                "sha256:7349ab0fa0c429c82442a27a9673fc802ffdb7c7775fad780226cb234965e53c",
                "sha256:7ab55401287bfec946ced39700c053796e7cc0e3acbef09993a9ad2adba6ca6e",
                "sha256:7e50d0a0cc3189f9cb0aeb3a6a6af18c16f59f004b866cd2be1c14b36134a4a0",
                "sha256:95a7476c59002f2f6c590b9b7b998306fba6a5aa646b1e22ddfeaf8f78c3a29c",
                "sha256:96ff0b2ad353d8f990b63294c8986f1ec3cb19d749234014f4e7eb0112ceba5a",
                "sha256:9fad7dcb1aac3c7f0584a5a8133e3a43eeb2fe127f47e3632d43d677c66c102b",
                "sha256:9ff0f4f29c51e2803569d7a51c2304de5554655a60c5d776e35b4a41413830d0",
                "sha256:a354325ee03388678242a4d7ebcd08b5c727033fcff3b2f536aea978e15ee9e6",
                "sha256:a4abb4f9001ad2858e7ac189089c42178fcce737e4169dc61321660f1a96c7d2",
                "sha256:ab47dbe5cc8210f55aa58e4805fe224dac469cde56b9f731a4c098b91917159a",
                "sha256:afedb719a9dcfc7eaf2287b839d8198e06dcd4cb5d276a3df279231138e83d30",
                "sha256:b3ce300f3644fb06443ee2222c2201dd3a89ea6040541412b8fa189341847218",
                "sha256:b97fe8060236edf3662adfc2c633f56a08ae30560c56310562cb4f95500022d5",
                "sha256:bfe25acf8b437eb2a8b2d49d443800a5f18508cd811fea3181723922a8a82b07",
                "sha256:cd25bcecc4974d09257ffcd1f098ee778f7834c3ad767fe5db785be9a4aa9cb2",
                "sha256:d209d8969599b27ad20994c8e41936ee0964e6da07478d6c35016bc386b66ad4",
                "sha256:d5241e0a80d808d70546c697135da2c613f30e28251ff8307eb72ba696945764",
                "sha256:edd8b5fe47dab091176d21bb6de568acdd906d1887a4584a15a9a96a1dca06ef",
                "sha256:f870204a840a60da0b12273ef34f7051e98c3b5961b61b0c2c1be6dfd64fbcd3",
                "sha256:ffa75af20b44f8dba823498024771d5ac50620e6915abac414251bd971b4529f"
            ],
            "markers": "python_version >= '3.9'",
            "version": "==1.26.4"
        },
        "nvidia-cublas-cu12": {
            "hashes": [
                "sha256:2b964d60e8cf11b5e1073d179d85fa340c120e99b3067558f3cf98dd69d02906",
                "sha256:ee53ccca76a6fc08fb9701aa95b6ceb242cdaab118c3bb152af4e579af792728"
            ],
            "markers": "platform_system == 'Linux' and platform_machine == 'x86_64'",
            "version": "==12.1.3.1"
        },
        "nvidia-cuda-cupti-cu12": {
            "hashes": [
                "sha256:bea8236d13a0ac7190bd2919c3e8e6ce1e402104276e6f9694479e48bb0eb2a4",
                "sha256:e54fde3983165c624cb79254ae9818a456eb6e87a7fd4d56a2352c24ee542d7e"
            ],
            "markers": "platform_system == 'Linux' and platform_machine == 'x86_64'",
            "version": "==12.1.105"
        },
        "nvidia-cuda-nvrtc-cu12": {
            "hashes": [
                "sha256:0a98a522d9ff138b96c010a65e145dc1b4850e9ecb75a0172371793752fd46ed",
                "sha256:339b385f50c309763ca65456ec75e17bbefcbbf2893f462cb8b90584cd27a1c2"
            ],
            "markers": "platform_system == 'Linux' and platform_machine == 'x86_64'",
            "version": "==12.1.105"
        },
        "nvidia-cuda-runtime-cu12": {
            "hashes": [
                "sha256:6e258468ddf5796e25f1dc591a31029fa317d97a0a94ed93468fc86301d61e40",
                "sha256:dfb46ef84d73fababab44cf03e3b83f80700d27ca300e537f85f636fac474344"
            ],
            "markers": "platform_system == 'Linux' and platform_machine == 'x86_64'",
            "version": "==12.1.105"
        },
        "nvidia-cudnn-cu12": {
            "hashes": [
                "sha256:5ccb288774fdfb07a7e7025ffec286971c06d8d7b4fb162525334616d7629ff9"
            ],
            "markers": "platform_system == 'Linux' and platform_machine == 'x86_64'",
            "version": "==8.9.2.26"
        },
        "nvidia-cufft-cu12": {
            "hashes": [
                "sha256:794e3948a1aa71fd817c3775866943936774d1c14e7628c74f6f7417224cdf56",
                "sha256:d9ac353f78ff89951da4af698f80870b1534ed69993f10a4cf1d96f21357e253"
            ],
            "markers": "platform_system == 'Linux' and platform_machine == 'x86_64'",
            "version": "==11.0.2.54"
        },
        "nvidia-curand-cu12": {
            "hashes": [
                "sha256:75b6b0c574c0037839121317e17fd01f8a69fd2ef8e25853d826fec30bdba74a",
                "sha256:9d264c5036dde4e64f1de8c50ae753237c12e0b1348738169cd0f8a536c0e1e0"
            ],
            "markers": "platform_system == 'Linux' and platform_machine == 'x86_64'",
            "version": "==10.3.2.106"
        },
        "nvidia-cusolver-cu12": {
            "hashes": [
                "sha256:74e0c3a24c78612192a74fcd90dd117f1cf21dea4822e66d89e8ea80e3cd2da5",
                "sha256:8a7ec542f0412294b15072fa7dab71d31334014a69f953004ea7a118206fe0dd"
            ],
            "markers": "platform_system == 'Linux' and platform_machine == 'x86_64'",
            "version": "==11.4.5.107"
        },
        "nvidia-cusparse-cu12": {
            "hashes": [
                "sha256:b798237e81b9719373e8fae8d4f091b70a0cf09d9d85c95a557e11df2d8e9a5a",
                "sha256:f3b50f42cf363f86ab21f720998517a659a48131e8d538dc02f8768237bd884c"
            ],
            "markers": "platform_system == 'Linux' and platform_machine == 'x86_64'",
            "version": "==12.1.0.106"
        },
        "nvidia-nccl-cu12": {
            "hashes": [
                "sha256:057f6bf9685f75215d0c53bf3ac4a10b3e6578351de307abad9e18a99182af56",
                "sha256:1fc150d5c3250b170b29410ba682384b14581db722b2531b0d8d33c595f33d01"
            ],
            "markers": "platform_system == 'Linux' and platform_machine == 'x86_64'",
            "version": "==2.20.5"
        },
        "nvidia-nvjitlink-cu12": {
            "hashes": [
                "sha256:06b3b9b25bf3f8af351d664978ca26a16d2c5127dbd53c0497e28d1fb9611d57",
                "sha256:fd9020c501d27d135f983c6d3e244b197a7ccad769e34df53a42e276b0e25fa1"
            ],
            "markers": "python_version >= '3'",
            "version": "==12.4.127"
        },
        "nvidia-nvtx-cu12": {
            "hashes": [
                "sha256:65f4d98982b31b60026e0e6de73fbdfc09d08a96f4656dd3665ca616a11e1e82",
                "sha256:dc21cf308ca5691e7c04d962e213f8a4aa9bbfa23d95412f452254c2caeb09e5"
            ],
            "markers": "platform_system == 'Linux' and platform_machine == 'x86_64'",
            "version": "==12.1.105"
        },
        "packaging": {
            "hashes": [
                "sha256:2ddfb553fdf02fb784c234c7ba6ccc288296ceabec964ad2eae3777778130bc5",
                "sha256:eb82c5e3e56209074766e6885bb04b8c38a0c015d0a30036ebe7ece34c9989e9"
            ],
            "markers": "python_version >= '3.7'",
            "version": "==24.0"
        },
        "psutil": {
            "hashes": [
                "sha256:02615ed8c5ea222323408ceba16c60e99c3f91639b07da6373fb7e6539abc56d",
                "sha256:05806de88103b25903dff19bb6692bd2e714ccf9e668d050d144012055cbca73",
                "sha256:26bd09967ae00920df88e0352a91cff1a78f8d69b3ecabbfe733610c0af486c8",
                "sha256:27cc40c3493bb10de1be4b3f07cae4c010ce715290a5be22b98493509c6299e2",
                "sha256:36f435891adb138ed3c9e58c6af3e2e6ca9ac2f365efe1f9cfef2794e6c93b4e",
                "sha256:50187900d73c1381ba1454cf40308c2bf6f34268518b3f36a9b663ca87e65e36",
                "sha256:611052c4bc70432ec770d5d54f64206aa7203a101ec273a0cd82418c86503bb7",
                "sha256:6be126e3225486dff286a8fb9a06246a5253f4c7c53b475ea5f5ac934e64194c",
                "sha256:7d79560ad97af658a0f6adfef8b834b53f64746d45b403f225b85c5c2c140eee",
                "sha256:8cb6403ce6d8e047495a701dc7c5bd788add903f8986d523e3e20b98b733e421",
                "sha256:8db4c1b57507eef143a15a6884ca10f7c73876cdf5d51e713151c1236a0e68cf",
                "sha256:aee678c8720623dc456fa20659af736241f575d79429a0e5e9cf88ae0605cc81",
                "sha256:bc56c2a1b0d15aa3eaa5a60c9f3f8e3e565303b465dbf57a1b730e7a2b9844e0",
                "sha256:bd1184ceb3f87651a67b2708d4c3338e9b10c5df903f2e3776b62303b26cb631",
                "sha256:d06016f7f8625a1825ba3732081d77c94589dca78b7a3fc072194851e88461a4",
                "sha256:d16bbddf0693323b8c6123dd804100241da461e41d6e332fb0ba6058f630f8c8"
            ],
            "markers": "python_version >= '2.7' and python_version not in '3.0, 3.1, 3.2, 3.3, 3.4, 3.5'",
            "version": "==5.9.8"
        },
        "py-cpuinfo": {
            "hashes": [
                "sha256:3cdbbf3fac90dc6f118bfd64384f309edeadd902d7c8fb17f02ffa1fc3f49690",
                "sha256:859625bc251f64e21f077d099d4162689c762b5d6a4c3c97553d56241c9674d5"
            ],
            "version": "==9.0.0"
        },
        "pydantic": {
            "hashes": [
                "sha256:e029badca45266732a9a79898a15ae2e8b14840b1eabbb25844be28f0b33f3d5",
                "sha256:e9dbb5eada8abe4d9ae5f46b9939aead650cd2b68f249bb3a8139dbe125803cc"
            ],
            "markers": "python_version >= '3.8'",
            "version": "==2.7.1"
        },
        "pydantic-core": {
            "hashes": [
                "sha256:0098300eebb1c837271d3d1a2cd2911e7c11b396eac9661655ee524a7f10587b",
                "sha256:042473b6280246b1dbf530559246f6842b56119c2926d1e52b631bdc46075f2a",
                "sha256:05b7133a6e6aeb8df37d6f413f7705a37ab4031597f64ab56384c94d98fa0e90",
                "sha256:0680b1f1f11fda801397de52c36ce38ef1c1dc841a0927a94f226dea29c3ae3d",
                "sha256:0d69b4c2f6bb3e130dba60d34c0845ba31b69babdd3f78f7c0c8fae5021a253e",
                "sha256:1404c69d6a676245199767ba4f633cce5f4ad4181f9d0ccb0577e1f66cf4c46d",
                "sha256:182245ff6b0039e82b6bb585ed55a64d7c81c560715d1bad0cbad6dfa07b4027",
                "sha256:1a388a77e629b9ec814c1b1e6b3b595fe521d2cdc625fcca26fbc2d44c816804",
                "sha256:1d90c3265ae107f91a4f279f4d6f6f1d4907ac76c6868b27dc7fb33688cfb347",
                "sha256:20aca1e2298c56ececfd8ed159ae4dde2df0781988c97ef77d5c16ff4bd5b400",
                "sha256:219da3f096d50a157f33645a1cf31c0ad1fe829a92181dd1311022f986e5fbe3",
                "sha256:22057013c8c1e272eb8d0eebc796701167d8377441ec894a8fed1af64a0bf399",
                "sha256:223ee893d77a310a0391dca6df00f70bbc2f36a71a895cecd9a0e762dc37b349",
                "sha256:224c421235f6102e8737032483f43c1a8cfb1d2f45740c44166219599358c2cd",
                "sha256:2334ce8c673ee93a1d6a65bd90327588387ba073c17e61bf19b4fd97d688d63c",
                "sha256:269322dcc3d8bdb69f054681edff86276b2ff972447863cf34c8b860f5188e2e",
                "sha256:2728b01246a3bba6de144f9e3115b532ee44bd6cf39795194fb75491824a1413",
                "sha256:2b8ed04b3582771764538f7ee7001b02e1170223cf9b75dff0bc698fadb00cf3",
                "sha256:2e29d20810dfc3043ee13ac7d9e25105799817683348823f305ab3f349b9386e",
                "sha256:36789b70d613fbac0a25bb07ab3d9dba4d2e38af609c020cf4d888d165ee0bf3",
                "sha256:390193c770399861d8df9670fb0d1874f330c79caaca4642332df7c682bf6b91",
                "sha256:3a6515ebc6e69d85502b4951d89131ca4e036078ea35533bb76327f8424531ce",
                "sha256:3f9a801e7c8f1ef8718da265bba008fa121243dfe37c1cea17840b0944dfd72c",
                "sha256:43f0f463cf89ace478de71a318b1b4f05ebc456a9b9300d027b4b57c1a2064fb",
                "sha256:4456f2dca97c425231d7315737d45239b2b51a50dc2b6f0c2bb181fce6207664",
                "sha256:470b94480bb5ee929f5acba6995251ada5e059a5ef3e0dfc63cca287283ebfa6",
                "sha256:4774f3184d2ef3e14e8693194f661dea5a4d6ca4e3dc8e39786d33a94865cefd",
                "sha256:4b4356d3538c3649337df4074e81b85f0616b79731fe22dd11b99499b2ebbdf3",
                "sha256:553ef617b6836fc7e4df130bb851e32fe357ce36336d897fd6646d6058d980af",
                "sha256:6132dd3bd52838acddca05a72aafb6eab6536aa145e923bb50f45e78b7251043",
                "sha256:6a46e22a707e7ad4484ac9ee9f290f9d501df45954184e23fc29408dfad61350",
                "sha256:6e5c584d357c4e2baf0ff7baf44f4994be121e16a2c88918a5817331fc7599d7",
                "sha256:75250dbc5290e3f1a0f4618db35e51a165186f9034eff158f3d490b3fed9f8a0",
                "sha256:75f7e9488238e920ab6204399ded280dc4c307d034f3924cd7f90a38b1829563",
                "sha256:78363590ef93d5d226ba21a90a03ea89a20738ee5b7da83d771d283fd8a56761",
                "sha256:7ca4ae5a27ad7a4ee5170aebce1574b375de390bc01284f87b18d43a3984df72",
                "sha256:800d60565aec896f25bc3cfa56d2277d52d5182af08162f7954f938c06dc4ee3",
                "sha256:82d5d4d78e4448683cb467897fe24e2b74bb7b973a541ea1dcfec1d3cbce39fb",
                "sha256:852e966fbd035a6468fc0a3496589b45e2208ec7ca95c26470a54daed82a0788",
                "sha256:868649da93e5a3d5eacc2b5b3b9235c98ccdbfd443832f31e075f54419e1b96b",
                "sha256:886eec03591b7cf058467a70a87733b35f44707bd86cf64a615584fd72488b7c",
                "sha256:8b172601454f2d7701121bbec3425dd71efcb787a027edf49724c9cefc14c038",
                "sha256:95b9d5e72481d3780ba3442eac863eae92ae43a5f3adb5b4d0a1de89d42bb250",
                "sha256:98758d627ff397e752bc339272c14c98199c613f922d4a384ddc07526c86a2ec",
                "sha256:997abc4df705d1295a42f95b4eec4950a37ad8ae46d913caeee117b6b198811c",
                "sha256:9b5155ff768083cb1d62f3e143b49a8a3432e6789a3abee8acd005c3c7af1c74",
                "sha256:9e08e867b306f525802df7cd16c44ff5ebbe747ff0ca6cf3fde7f36c05a59a81",
                "sha256:9fdad8e35f278b2c3eb77cbdc5c0a49dada440657bf738d6905ce106dc1de439",
                "sha256:a1874c6dd4113308bd0eb568418e6114b252afe44319ead2b4081e9b9521fe75",
                "sha256:a8309f67285bdfe65c372ea3722b7a5642680f3dba538566340a9d36e920b5f0",
                "sha256:ae0a8a797a5e56c053610fa7be147993fe50960fa43609ff2a9552b0e07013e8",
                "sha256:b14d82cdb934e99dda6d9d60dc84a24379820176cc4a0d123f88df319ae9c150",
                "sha256:b1bd7e47b1558ea872bd16c8502c414f9e90dcf12f1395129d7bb42a09a95438",
                "sha256:b3ef08e20ec49e02d5c6717a91bb5af9b20f1805583cb0adfe9ba2c6b505b5ae",
                "sha256:b89ed9eb7d616ef5714e5590e6cf7f23b02d0d539767d33561e3675d6f9e3857",
                "sha256:c4fcf5cd9c4b655ad666ca332b9a081112cd7a58a8b5a6ca7a3104bc950f2038",
                "sha256:c6fdc8627910eed0c01aed6a390a252fe3ea6d472ee70fdde56273f198938374",
                "sha256:c9bd70772c720142be1020eac55f8143a34ec9f82d75a8e7a07852023e46617f",
                "sha256:ca7b0c1f1c983e064caa85f3792dd2fe3526b3505378874afa84baf662e12241",
                "sha256:cbca948f2d14b09d20268cda7b0367723d79063f26c4ffc523af9042cad95592",
                "sha256:cc1cfd88a64e012b74e94cd00bbe0f9c6df57049c97f02bb07d39e9c852e19a4",
                "sha256:ccdd111c03bfd3666bd2472b674c6899550e09e9f298954cfc896ab92b5b0e6d",
                "sha256:cfeecd1ac6cc1fb2692c3d5110781c965aabd4ec5d32799773ca7b1456ac636b",
                "sha256:d4d938ec0adf5167cb335acb25a4ee69a8107e4984f8fbd2e897021d9e4ca21b",
                "sha256:d7d904828195733c183d20a54230c0df0eb46ec746ea1a666730787353e87182",
                "sha256:d91cb5ea8b11607cc757675051f61b3d93f15eca3cefb3e6c704a5d6e8440f4e",
                "sha256:d9319e499827271b09b4e411905b24a426b8fb69464dfa1696258f53a3334641",
                "sha256:e0e8b1be28239fc64a88a8189d1df7fad8be8c1ae47fcc33e43d4be15f99cc70",
                "sha256:e18609ceaa6eed63753037fc06ebb16041d17d28199ae5aba0052c51449650a9",
                "sha256:e1b395e58b10b73b07b7cf740d728dd4ff9365ac46c18751bf8b3d8cca8f625a",
                "sha256:e23ec367a948b6d812301afc1b13f8094ab7b2c280af66ef450efc357d2ae543",
                "sha256:e25add29b8f3b233ae90ccef2d902d0ae0432eb0d45370fe315d1a5cf231004b",
                "sha256:e6dac87ddb34aaec85f873d737e9d06a3555a1cc1a8e0c44b7f8d5daeb89d86f",
                "sha256:ef26c9e94a8c04a1b2924149a9cb081836913818e55681722d7f29af88fe7b38",
                "sha256:eff2de745698eb46eeb51193a9f41d67d834d50e424aef27df2fcdee1b153845",
                "sha256:f0a21cbaa69900cbe1a2e7cad2aa74ac3cf21b10c3efb0fa0b80305274c0e8a2",
                "sha256:f459a5ce8434614dfd39bbebf1041952ae01da6bed9855008cb33b875cb024c0",
                "sha256:f93a8a2e3938ff656a7c1bc57193b1319960ac015b6e87d76c76bf14fe0244b4",
                "sha256:fb2bd7be70c0fe4dfd32c951bc813d9fe6ebcbfdd15a07527796c8204bd36242"
            ],
            "markers": "python_version >= '3.8'",
            "version": "==2.18.2"
        },
        "pynvml": {
            "hashes": [
                "sha256:5cce014ac01b098d08f06178f86c37be409b80b2e903a5a03ce15eed60f55e25",
                "sha256:d027b21b95b1088b9fc278117f9f61b7c67f8e33a787e9f83f735f0f71ac32d0"
            ],
            "markers": "python_version >= '3.6'",
            "version": "==11.5.0"
        },
        "sympy": {
            "hashes": [
                "sha256:0844fc93e7ae9171656c2c9a6e344c65afd7ff6de262567830753f9c6abb5a6d",
                "sha256:5faae0c0f5bb83ea2e07a7f72c9881eb451c5da7ccf6f71bd01891c129ae80d7",
                "sha256:73458a54ca141100cf45bc62746e243f6921a24810a4f928114016c1775c377f",
                "sha256:82a4cc28b98e9c797f002a19caaee9ab92ec57445412d7f4bc683f15a5abde78",
                "sha256:8afeced428c6e1c1a6340cf1d3b34ed7172c334387d7235b065953681bdf44c2",
                "sha256:92a99b419070664178c613cbfbe6246a57f0e333d09f401de56b5d78f0d90e67",
                "sha256:96818bd673c34d1b08fabe6d978f4ce4b4fe400846e5a6a3e712f59571e00170",
                "sha256:96c4bc7655b3418129c5ac47903c4d81bdecb49c9a1752fdca118c921fbc47a6",
                "sha256:9c24c76e1ee135c6170bef1ec3efb8108b9c640d57abd415c109d9b5a0dfcf66",
                "sha256:a502aca50a78870fafecd29205ae928220fade1b2e25c5491de70c1e03874d2b",
                "sha256:c3588cd4295d0c0f603d0f2ae780587e64e2efeedb3521e46b9bb1d08d184fa5",
                "sha256:c97d480610a9f5594b73acbbc45a5fcc4ab1238e27f3970c9e23f213fc3fed6a",
                "sha256:d6361781cce00a5ecb78a5ba232b4fb6b04bfccaa244c76c7085ed172a257566",
                "sha256:ebf595c8dac3e0fdc4152c51878b498396ec7f30e7a914d6071e674d49420fb8"
            ],
            "markers": "python_version >= '3.8'",
            "version": "==1.12"
        },
        "torch": {
            "hashes": [
                "sha256:09c81c5859a5b819956c6925a405ef1cdda393c9d8a01ce3851453f699d3358c",
                "sha256:1bf023aa20902586f614f7682fedfa463e773e26c58820b74158a72470259459",
                "sha256:20572f426965dd8a04e92a473d7e445fa579e09943cc0354f3e6fef6130ce061",
                "sha256:493d54ee2f9df100b5ce1d18c96dbb8d14908721f76351e908c9d2622773a788",
                "sha256:4fb27b35dbb32303c2927da86e27b54a92209ddfb7234afb1949ea2b3effffea",
                "sha256:5515503a193781fd1b3f5c474e89c9dfa2faaa782b2795cc4a7ab7e67de923f6",
                "sha256:6ae9f64b09516baa4ef890af0672dc981c20b1f0d829ce115d4420a247e88fba",
                "sha256:729804e97b7cf19ae9ab4181f91f5e612af07956f35c8b2c8e9d9f3596a8e877",
                "sha256:758ef938de87a2653bba74b91f703458c15569f1562bf4b6c63c62d9c5a0c1f5",
                "sha256:760f8bedff506ce9e6e103498f9b1e9e15809e008368594c3a66bf74a8a51380",
                "sha256:a306c87a3eead1ed47457822c01dfbd459fe2920f2d38cbdf90de18f23f72542",
                "sha256:b0de2bdc0486ea7b14fc47ff805172df44e421a7318b7c4d92ef589a75d27410",
                "sha256:bce43af735c3da16cc14c7de2be7ad038e2fbf75654c2e274e575c6c05772ace",
                "sha256:cd0dc498b961ab19cb3f8dbf0c6c50e244f2f37dbfa05754ab44ea057c944ef9",
                "sha256:d24e328226d8e2af7cf80fcb1d2f1d108e0de32777fab4aaa2b37b9765d8be73",
                "sha256:d8ea5a465dbfd8501f33c937d1f693176c9aef9d1c1b0ca1d44ed7b0a18c52ac",
                "sha256:dca986214267b34065a79000cee54232e62b41dff1ec2cab9abc3fc8b3dee0ad",
                "sha256:e05f836559251e4096f3786ee99f4a8cbe67bc7fbedba8ad5e799681e47c5e80",
                "sha256:e65ba85ae292909cde0dde6369826d51165a3fc8823dc1854cd9432d7f79b932",
                "sha256:f9b98bf1a3c8af2d4c41f0bf1433920900896c446d1ddc128290ff146d1eb4bd"
            ],
            "index": "pip_conf_index_global",
            "markers": "python_full_version >= '3.8.0'",
            "version": "==2.3.0"
        },
        "tqdm": {
            "hashes": [
                "sha256:b75ca56b413b030bc3f00af51fd2c1a1a5eac6a0c1cca83cbb37a5c52abce644",
                "sha256:e4d936c9de8727928f3be6079590e97d9abfe8d39a590be678eb5919ffc186bb"
            ],
            "markers": "python_version >= '3.7'",
            "version": "==4.66.4"
        },
        "triton": {
            "hashes": [
                "sha256:038e06a09c06a164fef9c48de3af1e13a63dc1ba3c792871e61a8e79720ea440",
                "sha256:218d742e67480d9581bafb73ed598416cc8a56f6316152e5562ee65e33de01c0",
                "sha256:381ec6b3dac06922d3e4099cfc943ef032893b25415de295e82b1a82b0359d2c",
                "sha256:3c3d9607f85103afdb279938fc1dd2a66e4f5999a58eb48a346bd42738f986dd",
                "sha256:5ce4b8ff70c48e47274c66f269cce8861cf1dc347ceeb7a67414ca151b1822d8",
                "sha256:6d8f636e0341ac348899a47a057c3daea99ea7db31528a225a3ba4ded28ccc65"
            ],
            "markers": "python_version < '3.12' and platform_system == 'Linux' and platform_machine == 'x86_64'",
            "version": "==2.3.0"
        },
        "typing-extensions": {
            "hashes": [
                "sha256:6f1117ac0cbe64536f34520c4688cd144794f9b1d79690bfe0389aa12a347976",
                "sha256:7427ef26efa5e4e465e3765af0e52d3897e3684c908efe20e3331e1ce51884b3",
                "sha256:83f085bd5ca59c80295fc2a82ab5dac679cbe02b9f33f7d83af68e241bea51b0",
                "sha256:c1f94d72897edaf4ce775bb7558d5b79d8126906a14ea5ed1635921406c0387a"
            ],
            "markers": "python_version >= '3.8'",
            "version": "==4.11.0"
        }
    },
    "develop": {}
}
